
Microsoft Visual Studio Solution File, Format Version 12.00
# Visual Studio Version 17
VisualStudioVersion = 17.14.36518.9 d17.14
MinimumVisualStudioVersion = 10.0.40219.1
Project("{FAE04EC0-301F-11D3-BF4B-00C04F79EFBC}") = "DmitrievaOilMonitoringApi", "DmitrievaOilMonitoringApi\DmitrievaOilMonitoringApi.csproj", "{CC67245D-204F-418F-B81E-BDCB81F32887}"
EndProject
Global
	GlobalSection(SolutionConfigurationPlatforms) = preSolution
		Debug|Any CPU = Debug|Any CPU
		Release|Any CPU = Release|Any CPU
	EndGlobalSection
	GlobalSection(ProjectConfigurationPlatforms) = postSolution
		{CC67245D-204F-418F-B81E-BDCB81F32887}.Debug|Any CPU.ActiveCfg = Debug|Any CPU
		{CC67245D-204F-418F-B81E-BDCB81F32887}.Debug|Any CPU.Build.0 = Debug|Any CPU
		{CC67245D-204F-418F-B81E-BDCB81F32887}.Release|Any CPU.ActiveCfg = Release|Any CPU
		{CC67245D-204F-418F-B81E-BDCB81F32887}.Release|Any CPU.Build.0 = Release|Any CPU
	EndGlobalSection
	GlobalSection(SolutionProperties) = preSolution
		HideSolutionNode = FALSE
	EndGlobalSection
	GlobalSection(ExtensibilityGlobals) = postSolution
		SolutionGuid = {3449776D-89CF-4621-A6AA-9A6B5D4F9550}
	EndGlobalSection
EndGlobal
